{
  "name": "pori_graphkb_python",
  "version": "1.0.0",
  "lockfileVersion": 2,
  "requires": true,
  "packages": {
    "": {
      "name": "pori_graphkb_python",
      "version": "1.0.0",
      "license": "ISC",
      "dependencies": {
        "@bcgsc-pori/graphkb-schema": "^4.0.0"
      }
    },
    "node_modules/@bcgsc-pori/graphkb-parser": {
      "version": "2.1.0",
      "resolved": "https://registry.npmjs.org/@bcgsc-pori/graphkb-parser/-/graphkb-parser-2.1.0.tgz",
      "integrity": "sha512-EIVRjRdqJv7RjtvZ+wK3qQDLORPAuKoqFkGUg/pHU3JnpgQMXgeOEHBfuwh6U+P09oY1TQdspS7+vUjpINapBg==",
      "peer": true,
      "dependencies": {
        "json-cycle": "^1.3.0"
      }
    },
    "node_modules/@bcgsc-pori/graphkb-schema": {
      "version": "4.0.0",
      "resolved": "https://registry.npmjs.org/@bcgsc-pori/graphkb-schema/-/graphkb-schema-4.0.0.tgz",
      "integrity": "sha512-RrlUYPY/5PyB/HI854rsG2W2DRRVqfg233zgftIEZlKPDpefizrjOROpoMvb/r4usrGQ2blXvRL8FKlvLEpL7g==",
      "dependencies": {
        "lodash.omit": "4.5.0",
        "typescript": "^4.5.5",
        "uuid": "3.3.2",
        "uuid-validate": "0.0.3",
        "validator": "^13.7.0"
      },
      "peerDependencies": {
        "@bcgsc-pori/graphkb-parser": "^2.0.0"
      }
    },
    "node_modules/json-cycle": {
      "version": "1.5.0",
      "resolved": "https://registry.npmjs.org/json-cycle/-/json-cycle-1.5.0.tgz",
      "integrity": "sha512-GOehvd5PO2FeZ5T4c+RxobeT5a1PiGpF4u9/3+UvrMU4bhnVqzJY7hm39wg8PDCqkU91fWGH8qjWR4bn+wgq9w==",
      "peer": true,
      "engines": {
        "node": ">= 4"
      }
    },
    "node_modules/lodash.omit": {
      "version": "4.5.0",
      "resolved": "https://registry.npmjs.org/lodash.omit/-/lodash.omit-4.5.0.tgz",
      "integrity": "sha512-XeqSp49hNGmlkj2EJlfrQFIzQ6lXdNro9sddtQzcJY8QaoC2GO0DT7xaIokHeyM+mIT0mPMlPvkYzg2xCuHdZg=="
    },
    "node_modules/typescript": {
      "version": "4.9.5",
      "resolved": "https://registry.npmjs.org/typescript/-/typescript-4.9.5.tgz",
      "integrity": "sha512-1FXk9E2Hm+QzZQ7z+McJiHL4NW1F2EzMu9Nq9i3zAaGqibafqYwCVU6WyWAuyQRRzOlxou8xZSyXLEN8oKj24g==",
      "bin": {
        "tsc": "bin/tsc",
        "tsserver": "bin/tsserver"
      },
      "engines": {
        "node": ">=4.2.0"
      }
    },
    "node_modules/uuid": {
      "version": "3.3.2",
      "resolved": "https://registry.npmjs.org/uuid/-/uuid-3.3.2.tgz",
      "integrity": "sha512-yXJmeNaw3DnnKAOKJE51sL/ZaYfWJRl1pK9dr19YFCu0ObS231AB1/LbqTKRAQ5kw8A90rA6fr4riOUpTZvQZA==",
      "deprecated": "Please upgrade  to version 7 or higher.  Older versions may use Math.random() in certain circumstances, which is known to be problematic.  See https://v8.dev/blog/math-random for details.",
      "bin": {
        "uuid": "bin/uuid"
      }
    },
    "node_modules/uuid-validate": {
      "version": "0.0.3",
      "resolved": "https://registry.npmjs.org/uuid-validate/-/uuid-validate-0.0.3.tgz",
      "integrity": "sha512-Fykw5U4eZESbq739BeLvEBFRuJODfrlmjx5eJux7W817LjRaq4b7/i4t2zxQmhcX+fAj4nMfRdTzO4tmwLKn0w=="
    },
    "node_modules/validator": {
      "version": "13.11.0",
      "resolved": "https://registry.npmjs.org/validator/-/validator-13.11.0.tgz",
      "integrity": "sha512-Ii+sehpSfZy+At5nPdnyMhx78fEoPDkR2XW/zimHEL3MyGJQOCQ7WeP20jPYRz7ZCpcKLB21NxuXHF3bxjStBQ==",
      "engines": {
        "node": ">= 0.10"
      }
    }
  },
  "dependencies": {
    "@bcgsc-pori/graphkb-parser": {
      "version": "2.1.0",
      "resolved": "https://registry.npmjs.org/@bcgsc-pori/graphkb-parser/-/graphkb-parser-2.1.0.tgz",
      "integrity": "sha512-EIVRjRdqJv7RjtvZ+wK3qQDLORPAuKoqFkGUg/pHU3JnpgQMXgeOEHBfuwh6U+P09oY1TQdspS7+vUjpINapBg==",
      "peer": true,
      "requires": {
        "json-cycle": "^1.3.0"
      }
    },
    "@bcgsc-pori/graphkb-schema": {
      "version": "4.0.0",
      "resolved": "https://registry.npmjs.org/@bcgsc-pori/graphkb-schema/-/graphkb-schema-4.0.0.tgz",
      "integrity": "sha512-RrlUYPY/5PyB/HI854rsG2W2DRRVqfg233zgftIEZlKPDpefizrjOROpoMvb/r4usrGQ2blXvRL8FKlvLEpL7g==",
      "requires": {
        "lodash.omit": "4.5.0",
        "typescript": "^4.5.5",
        "uuid": "3.3.2",
        "uuid-validate": "0.0.3",
        "validator": "^13.7.0"
      }
    },
    "json-cycle": {
      "version": "1.5.0",
      "resolved": "https://registry.npmjs.org/json-cycle/-/json-cycle-1.5.0.tgz",
      "integrity": "sha512-GOehvd5PO2FeZ5T4c+RxobeT5a1PiGpF4u9/3+UvrMU4bhnVqzJY7hm39wg8PDCqkU91fWGH8qjWR4bn+wgq9w==",
      "peer": true
    },
    "lodash.omit": {
      "version": "4.5.0",
      "resolved": "https://registry.npmjs.org/lodash.omit/-/lodash.omit-4.5.0.tgz",
      "integrity": "sha512-XeqSp49hNGmlkj2EJlfrQFIzQ6lXdNro9sddtQzcJY8QaoC2GO0DT7xaIokHeyM+mIT0mPMlPvkYzg2xCuHdZg=="
    },
    "typescript": {
      "version": "4.9.5",
      "resolved": "https://registry.npmjs.org/typescript/-/typescript-4.9.5.tgz",
      "integrity": "sha512-1FXk9E2Hm+QzZQ7z+McJiHL4NW1F2EzMu9Nq9i3zAaGqibafqYwCVU6WyWAuyQRRzOlxou8xZSyXLEN8oKj24g=="
    },
    "uuid": {
      "version": "3.3.2",
      "resolved": "https://registry.npmjs.org/uuid/-/uuid-3.3.2.tgz",
      "integrity": "sha512-yXJmeNaw3DnnKAOKJE51sL/ZaYfWJRl1pK9dr19YFCu0ObS231AB1/LbqTKRAQ5kw8A90rA6fr4riOUpTZvQZA=="
    },
    "uuid-validate": {
      "version": "0.0.3",
      "resolved": "https://registry.npmjs.org/uuid-validate/-/uuid-validate-0.0.3.tgz",
      "integrity": "sha512-Fykw5U4eZESbq739BeLvEBFRuJODfrlmjx5eJux7W817LjRaq4b7/i4t2zxQmhcX+fAj4nMfRdTzO4tmwLKn0w=="
    },
    "validator": {
      "version": "13.11.0",
      "resolved": "https://registry.npmjs.org/validator/-/validator-13.11.0.tgz",
      "integrity": "sha512-Ii+sehpSfZy+At5nPdnyMhx78fEoPDkR2XW/zimHEL3MyGJQOCQ7WeP20jPYRz7ZCpcKLB21NxuXHF3bxjStBQ=="
    }
  }
}
